
Microsoft Visual Studio Solution File, Format Version 12.00
# Visual Studio Version 16
VisualStudioVersion = 16.0.31205.134
MinimumVisualStudioVersion = 10.0.40219.1
Project("{FAE04EC0-301F-11D3-BF4B-00C04F79EFBC}") = "RxSampleInCSharp", "RxSampleInCSharp\RxSampleInCSharp.csproj", "{DCAD5851-83BB-47D6-8065-6FA2F5F06BB4}"
EndProject
Project("{FAE04EC0-301F-11D3-BF4B-00C04F79EFBC}") = "RxSampleInCSharp.Console", "RxSampleInCSharp.Console\RxSampleInCSharp.Console.csproj", "{EC829FD6-2689-41B1-80A9-113CEB0E9438}"
EndProject
Global
	GlobalSection(SolutionConfigurationPlatforms) = preSolution
		Debug|Any CPU = Debug|Any CPU
		Release|Any CPU = Release|Any CPU
	EndGlobalSection
	GlobalSection(ProjectConfigurationPlatforms) = postSolution
		{DCAD5851-83BB-47D6-8065-6FA2F5F06BB4}.Debug|Any CPU.ActiveCfg = Debug|Any CPU
		{DCAD5851-83BB-47D6-8065-6FA2F5F06BB4}.Debug|Any CPU.Build.0 = Debug|Any CPU
		{DCAD5851-83BB-47D6-8065-6FA2F5F06BB4}.Release|Any CPU.ActiveCfg = Release|Any CPU
		{DCAD5851-83BB-47D6-8065-6FA2F5F06BB4}.Release|Any CPU.Build.0 = Release|Any CPU
		{EC829FD6-2689-41B1-80A9-113CEB0E9438}.Debug|Any CPU.ActiveCfg = Debug|Any CPU
		{EC829FD6-2689-41B1-80A9-113CEB0E9438}.Debug|Any CPU.Build.0 = Debug|Any CPU
		{EC829FD6-2689-41B1-80A9-113CEB0E9438}.Release|Any CPU.ActiveCfg = Release|Any CPU
		{EC829FD6-2689-41B1-80A9-113CEB0E9438}.Release|Any CPU.Build.0 = Release|Any CPU
	EndGlobalSection
	GlobalSection(SolutionProperties) = preSolution
		HideSolutionNode = FALSE
	EndGlobalSection
	GlobalSection(ExtensibilityGlobals) = postSolution
		SolutionGuid = {A09836A4-3723-475B-A095-8C66DF61481D}
	EndGlobalSection
EndGlobal
